<?xml version="1.0" encoding="utf-8"?>
<Project ToolsVersion="4.0" xmlns="http://schemas.microsoft.com/developer/msbuild/2003">
  <ItemGroup>
    <ClInclude Include="Headers\Game.h">
      <Filter>Header</Filter>
    </ClInclude>
    <ClInclude Include="Headers\PhysicsComponent.h">
      <Filter>Header\Components</Filter>
    </ClInclude>
    <ClInclude Include="Headers\PhysicsSystem.h">
      <Filter>Header\Systems</Filter>
    </ClInclude>
    <ClInclude Include="Headers\GameState.h">
      <Filter>Header\States</Filter>
    </ClInclude>
    <ClInclude Include="Headers\HangarState.h">
      <Filter>Header\States</Filter>
    </ClInclude>
    <ClInclude Include="Headers\PauseState.h">
      <Filter>Header\States</Filter>
    </ClInclude>
    <ClInclude Include="Headers\PlayState.h">
      <Filter>Header\States</Filter>
    </ClInclude>
    <ClInclude Include="Headers\InputManager.h">
      <Filter>Header\Systems</Filter>
    </ClInclude>
    <ClInclude Include="Headers\OgreManager.h">
      <Filter>Header\Systems</Filter>
    </ClInclude>
    <ClInclude Include="Headers\Exceptions.h">
      <Filter>Header</Filter>
    </ClInclude>
    <ClInclude Include="Headers\ObjectStateUpdateSystem.h">
      <Filter>Header\Systems</Filter>
    </ClInclude>
    <ClInclude Include="Headers\Systems.h">
      <Filter>Header\Systems</Filter>
    </ClInclude>
    <ClInclude Include="Headers\LevelBuilder.h">
      <Filter>Header\States</Filter>
    </ClInclude>
    <ClInclude Include="Headers\LevelDescription.h">
      <Filter>Header</Filter>
    </ClInclude>
    <ClInclude Include="Headers\EnemySpawner.h">
      <Filter>Header\Systems</Filter>
    </ClInclude>
    <ClInclude Include="Headers\GameCollection.h">
      <Filter>Header\GameCollections</Filter>
    </ClInclude>
    <ClInclude Include="Headers\Enemy.h">
      <Filter>Header\GameObjects</Filter>
    </ClInclude>
    <ClInclude Include="Headers\Bullet.h">
      <Filter>Header\GameObjects</Filter>
    </ClInclude>
    <ClInclude Include="Headers\GameObject.h">
      <Filter>Header\GameObjects</Filter>
    </ClInclude>
    <ClInclude Include="Headers\Player.h">
      <Filter>Header\GameObjects</Filter>
    </ClInclude>
    <ClInclude Include="Headers\AISystem.h">
      <Filter>Header\Systems</Filter>
    </ClInclude>
    <ClInclude Include="Headers\ColliderComponent.h">
      <Filter>Header\Components</Filter>
    </ClInclude>
    <ClInclude Include="Headers\CollisionSystem.h">
      <Filter>Header\Systems</Filter>
    </ClInclude>
    <ClInclude Include="Headers\AIComponent.h">
      <Filter>Header\Components</Filter>
    </ClInclude>
    <ClInclude Include="Headers\Core.h">
      <Filter>Header\GameObjects</Filter>
    </ClInclude>
    <ClInclude Include="Headers\WeaponComponent.h">
      <Filter>Header\Components</Filter>
    </ClInclude>
    <ClInclude Include="Headers\HealthComponent.h">
      <Filter>Header\Components</Filter>
    </ClInclude>
    <ClInclude Include="Headers\TimeToLiveComponent.h">
      <Filter>Header\Components</Filter>
    </ClInclude>
    <ClInclude Include="Headers\GameData.h">
      <Filter>Header\Systems</Filter>
    </ClInclude>
    <ClInclude Include="Headers\StateManager.h">
      <Filter>Header\States</Filter>
    </ClInclude>
    <ClInclude Include="Headers\BaseCollection.h">
      <Filter>Header\GameCollections</Filter>
    </ClInclude>
    <ClInclude Include="Headers\EffectObject.h">
      <Filter>Header\GameObjects</Filter>
    </ClInclude>
    <ClInclude Include="Headers\PredabReader_XML.h">
      <Filter>Header\Systems</Filter>
    </ClInclude>
    <ClInclude Include="Headers\PrefabPlant.h">
      <Filter>Header\PrefabsPlant</Filter>
    </ClInclude>
    <ClInclude Include="Headers\Prefabs.h">
      <Filter>Header\PrefabsPlant</Filter>
    </ClInclude>
    <ClInclude Include="Headers\ResoursceLoader.h">
      <Filter>Header\Systems</Filter>
    </ClInclude>
    <ClInclude Include="Headers\BulletPrefabPlant.h">
      <Filter>Header\PrefabsPlant</Filter>
    </ClInclude>
    <ClInclude Include="Headers\StaticPrefabPlant.h">
      <Filter>Header\PrefabsPlant</Filter>
    </ClInclude>
    <ClInclude Include="Headers\EffectPrefabPlant.h">
      <Filter>Header\PrefabsPlant</Filter>
    </ClInclude>
    <ClInclude Include="Headers\DebugDrawer.h">
      <Filter>Header</Filter>
    </ClInclude>
    <ClInclude Include="Headers\WeaponPrefab_Plant.h">
      <Filter>Header\PrefabsPlant</Filter>
    </ClInclude>
    <ClInclude Include="Headers\Ship.h">
      <Filter>Header\GameObjects</Filter>
    </ClInclude>
    <ClInclude Include="Headers\stdafx.h">
      <Filter>Precompiled Header</Filter>
    </ClInclude>
    <ClInclude Include="Headers\GameOver.h">
      <Filter>Header\States</Filter>
    </ClInclude>
    <ClInclude Include="Headers\TimeUtility.h">
      <Filter>Header</Filter>
    </ClInclude>
    <ClInclude Include="resource.h">
      <Filter>Resources</Filter>
    </ClInclude>
    <ClInclude Include="Headers\StaticObject.h">
      <Filter>Header\GameObjects</Filter>
    </ClInclude>
    <ClInclude Include="Headers\ShipPrefabPlant.h">
      <Filter>Header\PrefabsPlant</Filter>
    </ClInclude>
    <ClInclude Include="Headers\randomAI.h">
      <Filter>Header\AI stuff</Filter>
    </ClInclude>
    <ClInclude Include="Headers\FlyToCore1.h">
      <Filter>Header\AI stuff</Filter>
    </ClInclude>
    <ClInclude Include="Headers\AIStrategy.h">
      <Filter>Header\AI stuff</Filter>
    </ClInclude>
    <ClInclude Include="Headers\ogre2d.h">
      <Filter>Header</Filter>
    </ClInclude>
    <ClInclude Include="Headers\GUISystem.h">
      <Filter>Header\Systems\GUI stuff</Filter>
    </ClInclude>
    <ClInclude Include="Headers\GUI_Radar.h">
      <Filter>Header\Systems\GUI stuff</Filter>
    </ClInclude>
    <ClInclude Include="Headers\MessageConsole.h">
      <Filter>Header\Systems\GUI stuff</Filter>
    </ClInclude>
  </ItemGroup>
  <ItemGroup>
    <Filter Include="Header">
      <UniqueIdentifier>{5a8a014a-f4ab-4370-9e29-a1b87fa63e29}</UniqueIdentifier>
    </Filter>
    <Filter Include="Source">
      <UniqueIdentifier>{ab25d64e-869e-46da-86dc-91ed24a56775}</UniqueIdentifier>
    </Filter>
    <Filter Include="Header\Components">
      <UniqueIdentifier>{5bdc0862-3b8e-40f4-84e1-7d2b67db875e}</UniqueIdentifier>
    </Filter>
    <Filter Include="Header\Systems">
      <UniqueIdentifier>{baf1f096-e313-4072-b429-20550641c120}</UniqueIdentifier>
    </Filter>
    <Filter Include="Header\States">
      <UniqueIdentifier>{8898f20c-ea1d-41f5-b074-c367fd41e688}</UniqueIdentifier>
    </Filter>
    <Filter Include="Header\GameCollections">
      <UniqueIdentifier>{ef4373f3-1555-4abf-af4b-41518e6f228a}</UniqueIdentifier>
    </Filter>
    <Filter Include="Header\GameObjects">
      <UniqueIdentifier>{9042edd7-7dbd-4c63-bf2a-1a507630428f}</UniqueIdentifier>
    </Filter>
    <Filter Include="Source\Systems">
      <UniqueIdentifier>{d00010e2-1d43-4e36-b7fc-adfe92b81b3c}</UniqueIdentifier>
    </Filter>
    <Filter Include="Source\Components">
      <UniqueIdentifier>{ed1ff946-1036-4020-b539-d66f1aca1524}</UniqueIdentifier>
    </Filter>
    <Filter Include="Source\GameCollections">
      <UniqueIdentifier>{0baa3349-959d-4413-829f-6182372bebe6}</UniqueIdentifier>
    </Filter>
    <Filter Include="Source\GameObjects">
      <UniqueIdentifier>{61717c08-4b9a-4214-aff8-a85063829349}</UniqueIdentifier>
    </Filter>
    <Filter Include="Source\States">
      <UniqueIdentifier>{d7a5067c-91c8-419c-abca-afa6f4901c85}</UniqueIdentifier>
    </Filter>
    <Filter Include="Header\PrefabsPlant">
      <UniqueIdentifier>{34a2e814-3a1b-4ee9-8e96-789d11a26f8f}</UniqueIdentifier>
    </Filter>
    <Filter Include="Source\PrefabsPlants">
      <UniqueIdentifier>{c13e223f-f044-45d8-a29d-8e3c1e63f7f9}</UniqueIdentifier>
    </Filter>
    <Filter Include="PrefabsFiles">
      <UniqueIdentifier>{e35d30a9-6bab-4613-92c1-5ae3813a9e04}</UniqueIdentifier>
    </Filter>
    <Filter Include="Precompiled Header">
      <UniqueIdentifier>{ac63aaff-2ebe-4384-8075-54560efc291c}</UniqueIdentifier>
    </Filter>
    <Filter Include="Resources">
      <UniqueIdentifier>{07890d05-b692-4ca5-bf0b-35964a47f642}</UniqueIdentifier>
    </Filter>
    <Filter Include="Header\AI stuff">
      <UniqueIdentifier>{1209dcdf-e1a5-42fe-b7ab-1ec663a6dca4}</UniqueIdentifier>
    </Filter>
    <Filter Include="Header\Systems\GUI stuff">
      <UniqueIdentifier>{5dab7fde-c0fe-43fa-9547-36f867661960}</UniqueIdentifier>
    </Filter>
  </ItemGroup>
  <ItemGroup>
    <ClCompile Include="Sources\Game.cpp">
      <Filter>Source</Filter>
    </ClCompile>
    <ClCompile Include="Sources\Enemy.cpp">
      <Filter>Source\GameObjects</Filter>
    </ClCompile>
    <ClCompile Include="Sources\GameState.cpp">
      <Filter>Source\States</Filter>
    </ClCompile>
    <ClCompile Include="Sources\PauseState.cpp">
      <Filter>Source\States</Filter>
    </ClCompile>
    <ClCompile Include="Sources\InputManager.cpp">
      <Filter>Source\Systems</Filter>
    </ClCompile>
    <ClCompile Include="Sources\ObjectStateUpdateSystem.cpp">
      <Filter>Source\Systems</Filter>
    </ClCompile>
    <ClCompile Include="Sources\OgreManager.cpp">
      <Filter>Source\Systems</Filter>
    </ClCompile>
    <ClCompile Include="Sources\PlayState.cpp">
      <Filter>Source\States</Filter>
    </ClCompile>
    <ClCompile Include="Sources\StaticObject.cpp">
      <Filter>Source\GameObjects</Filter>
    </ClCompile>
    <ClCompile Include="Sources\GameStateMain.cpp">
      <Filter>Source\States</Filter>
    </ClCompile>
    <ClCompile Include="Sources\HangarState.cpp">
      <Filter>Source\States</Filter>
    </ClCompile>
    <ClCompile Include="Sources\GameData.cpp">
      <Filter>Source\Systems</Filter>
    </ClCompile>
    <ClCompile Include="Sources\StateManager.cpp">
      <Filter>Source\States</Filter>
    </ClCompile>
    <ClCompile Include="Sources\LevelBuilder.cpp">
      <Filter>Source\States</Filter>
    </ClCompile>
    <ClCompile Include="Sources\GameObject.cpp">
      <Filter>Source\GameObjects</Filter>
    </ClCompile>
    <ClCompile Include="Sources\EnemySpawner.cpp">
      <Filter>Source\Systems</Filter>
    </ClCompile>
    <ClCompile Include="Sources\Bullet.cpp">
      <Filter>Source\GameObjects</Filter>
    </ClCompile>
    <ClCompile Include="Sources\AIComponent.cpp">
      <Filter>Source\Components</Filter>
    </ClCompile>
    <ClCompile Include="Sources\ColliderComponent.cpp">
      <Filter>Source\Components</Filter>
    </ClCompile>
    <ClCompile Include="Sources\HealthComponent.cpp">
      <Filter>Source\Components</Filter>
    </ClCompile>
    <ClCompile Include="Sources\PhysicsComponent.cpp">
      <Filter>Source\Components</Filter>
    </ClCompile>
    <ClCompile Include="Sources\TimeToLiveComponent.cpp">
      <Filter>Source\Components</Filter>
    </ClCompile>
    <ClCompile Include="Sources\WeaponComponent.cpp">
      <Filter>Source\Components</Filter>
    </ClCompile>
    <ClCompile Include="Sources\AISystem.cpp">
      <Filter>Source\Systems</Filter>
    </ClCompile>
    <ClCompile Include="Sources\DebugDrawer.cpp">
      <Filter>Source</Filter>
    </ClCompile>
    <ClCompile Include="Sources\PredabReader_XML.cpp">
      <Filter>Source\Systems</Filter>
    </ClCompile>
    <ClCompile Include="Sources\PrefabPlant.cpp">
      <Filter>Source\PrefabsPlants</Filter>
    </ClCompile>
    <ClCompile Include="Sources\Prefabs.cpp">
      <Filter>Source\PrefabsPlants</Filter>
    </ClCompile>
    <ClCompile Include="Sources\ResoursceLoader.cpp">
      <Filter>Source\Systems</Filter>
    </ClCompile>
    <ClCompile Include="Sources\BulletPrefabPlant.cpp">
      <Filter>Source\PrefabsPlants</Filter>
    </ClCompile>
    <ClCompile Include="Sources\StaticPrefabPlant.cpp">
      <Filter>Source\PrefabsPlants</Filter>
    </ClCompile>
    <ClCompile Include="Sources\EffectPrefabPlant.cpp">
      <Filter>Source\PrefabsPlants</Filter>
    </ClCompile>
    <ClCompile Include="Sources\WeaponPrefab_Plant.cpp">
      <Filter>Source\PrefabsPlants</Filter>
    </ClCompile>
    <ClCompile Include="Sources\main.cpp">
      <Filter>Source</Filter>
    </ClCompile>
    <ClCompile Include="Sources\Ship.cpp">
      <Filter>Source\GameObjects</Filter>
    </ClCompile>
    <ClCompile Include="Sources\stdafx.cpp">
      <Filter>Precompiled Header</Filter>
    </ClCompile>
    <ClCompile Include="Sources\CollisionSystem.cpp">
      <Filter>Source\Systems</Filter>
    </ClCompile>
    <ClCompile Include="Sources\GameOver.cpp">
      <Filter>Source\States</Filter>
    </ClCompile>
    <ClCompile Include="Sources\ShipPrefabPlant.cpp">
      <Filter>Source\PrefabsPlants</Filter>
    </ClCompile>
    <ClCompile Include="Sources\ogre2d.cpp">
      <Filter>Source</Filter>
    </ClCompile>
  </ItemGroup>
  <ItemGroup>
    <None Include="ogre.cfg" />
  </ItemGroup>
  <ItemGroup>
    <Xml Include="media\prefabs_descriptions\static_prefabs.xml">
      <Filter>PrefabsFiles</Filter>
    </Xml>
    <Xml Include="media\prefabs_descriptions\ship_prefabs.xml">
      <Filter>PrefabsFiles</Filter>
    </Xml>
    <Xml Include="media\prefabs_descriptions\bullet_prefabs.xml">
      <Filter>PrefabsFiles</Filter>
    </Xml>
    <Xml Include="media\prefabs_descriptions\effect_prefabs.xml">
      <Filter>PrefabsFiles</Filter>
    </Xml>
    <Xml Include="media\prefabs_descriptions\weapon_prefabs.xml">
      <Filter>PrefabsFiles</Filter>
    </Xml>
  </ItemGroup>
  <ItemGroup>
    <ResourceCompile Include="ProjectSpaceshooter.rc">
      <Filter>Resources</Filter>
    </ResourceCompile>
  </ItemGroup>
  <ItemGroup>
    <Image Include="icon1.ico">
      <Filter>Resources</Filter>
    </Image>
  </ItemGroup>
</Project>