<?xml version="1.0" encoding="utf-8"?>
<Project ToolsVersion="4.0" xmlns="http://schemas.microsoft.com/developer/msbuild/2003">
  <ItemGroup>
    <ClInclude Include="Headers\Game.h">
      <Filter>Header</Filter>
    </ClInclude>
    <ClInclude Include="Headers\GameData.h">
      <Filter>Header</Filter>
    </ClInclude>
    <ClInclude Include="Headers\GameObject.h">
      <Filter>Header</Filter>
    </ClInclude>
    <ClInclude Include="Headers\stdafx.h">
      <Filter>Precompiled Header</Filter>
    </ClInclude>
    <ClInclude Include="Headers\GraphicsComponent.h">
      <Filter>Header\Components</Filter>
    </ClInclude>
    <ClInclude Include="Headers\PhysicsComponent.h">
      <Filter>Header\Components</Filter>
    </ClInclude>
    <ClInclude Include="Headers\PhysicsSystem.h">
      <Filter>Header\Systems</Filter>
    </ClInclude>
    <ClInclude Include="Headers\GraphicsSystem.h">
      <Filter>Header\Systems</Filter>
    </ClInclude>
    <ClInclude Include="Headers\GameState.h">
      <Filter>Header\States</Filter>
    </ClInclude>
    <ClInclude Include="Headers\HangarState.h">
      <Filter>Header\States</Filter>
    </ClInclude>
    <ClInclude Include="Headers\PauseState.h">
      <Filter>Header\States</Filter>
    </ClInclude>
    <ClInclude Include="Headers\TransformComponent.h">
      <Filter>Header\Components</Filter>
    </ClInclude>
    <ClInclude Include="Headers\PlayState.h">
      <Filter>Header\States</Filter>
    </ClInclude>
    <ClInclude Include="Headers\InputManager.h">
      <Filter>Header\Systems</Filter>
    </ClInclude>
    <ClInclude Include="Headers\OgreManager.h">
      <Filter>Header\Systems</Filter>
    </ClInclude>
    <ClInclude Include="Headers\GamelogicComponent.h">
      <Filter>Header\Components</Filter>
    </ClInclude>
    <ClInclude Include="Headers\Exceptions.h">
      <Filter>Header</Filter>
    </ClInclude>
    <ClInclude Include="Headers\ObjectStateUpdateSystem.h">
      <Filter>Header\Systems</Filter>
    </ClInclude>
    <ClInclude Include="Headers\Bullet.h">
      <Filter>Header</Filter>
    </ClInclude>
    <ClInclude Include="Headers\Systems.h">
      <Filter>Header\Systems</Filter>
    </ClInclude>
    <ClInclude Include="Headers\LevelBuilder.h">
      <Filter>Header\States</Filter>
    </ClInclude>
    <ClInclude Include="Headers\EnemyCollection.h">
      <Filter>Header</Filter>
    </ClInclude>
    <ClInclude Include="Headers\Enemy.h">
      <Filter>Header</Filter>
    </ClInclude>
    <ClInclude Include="Headers\BulletCollection.h" />
    <ClInclude Include="Headers\EnemySpawner.h" />
    <ClInclude Include="Headers\StaticObject.h" />
    <ClInclude Include="Headers\LevelDescription.h" />
    <ClInclude Include="Headers\GameCollection.h">
      <Filter>Header</Filter>
    </ClInclude>
  </ItemGroup>
  <ItemGroup>
    <Filter Include="Header">
      <UniqueIdentifier>{5a8a014a-f4ab-4370-9e29-a1b87fa63e29}</UniqueIdentifier>
    </Filter>
    <Filter Include="Source">
      <UniqueIdentifier>{ab25d64e-869e-46da-86dc-91ed24a56775}</UniqueIdentifier>
    </Filter>
    <Filter Include="Precompiled Header">
      <UniqueIdentifier>{ac63aaff-2ebe-4384-8075-54560efc291c}</UniqueIdentifier>
    </Filter>
    <Filter Include="Header\Components">
      <UniqueIdentifier>{5bdc0862-3b8e-40f4-84e1-7d2b67db875e}</UniqueIdentifier>
    </Filter>
    <Filter Include="Header\Systems">
      <UniqueIdentifier>{baf1f096-e313-4072-b429-20550641c120}</UniqueIdentifier>
    </Filter>
    <Filter Include="Header\States">
      <UniqueIdentifier>{8898f20c-ea1d-41f5-b074-c367fd41e688}</UniqueIdentifier>
    </Filter>
  </ItemGroup>
  <ItemGroup>
    <ClCompile Include="Sources\Game.cpp">
      <Filter>Source</Filter>
    </ClCompile>
    <ClCompile Include="Sources\GameData.cpp">
      <Filter>Source</Filter>
    </ClCompile>
    <ClCompile Include="Sources\GameObject.cpp">
      <Filter>Source</Filter>
    </ClCompile>
    <ClCompile Include="Sources\GameStateMain.cpp">
      <Filter>Source</Filter>
    </ClCompile>
    <ClCompile Include="Sources\HangarState.cpp">
      <Filter>Source</Filter>
    </ClCompile>
    <ClCompile Include="Sources\InputManager.cpp">
      <Filter>Source</Filter>
    </ClCompile>
    <ClCompile Include="Sources\LevelBuilder.cpp">
      <Filter>Source</Filter>
    </ClCompile>
    <ClCompile Include="Sources\main.cpp">
      <Filter>Source</Filter>
    </ClCompile>
    <ClCompile Include="Sources\PauseState.cpp">
      <Filter>Source</Filter>
    </ClCompile>
    <ClCompile Include="Sources\PlayState.cpp">
      <Filter>Source</Filter>
    </ClCompile>
    <ClCompile Include="Sources\stdafx.cpp">
      <Filter>Precompiled Header</Filter>
    </ClCompile>
    <ClCompile Include="Sources\OgreManager.cpp">
      <Filter>Source</Filter>
    </ClCompile>
    <ClCompile Include="Sources\Enemy.cpp" />
    <ClCompile Include="Sources\StaticObject.cpp" />
    <ClCompile Include="Sources\EnemySpawner.cpp" />
  </ItemGroup>
  <ItemGroup>
    <None Include="ogre.cfg" />
    <None Include="resources_d.cfg" />
  </ItemGroup>
</Project>