<?xml version="1.0" encoding="utf-8"?>
<Project ToolsVersion="4.0" xmlns="http://schemas.microsoft.com/developer/msbuild/2003">
  <ItemGroup>
    <ClInclude Include="Headers\Game.h">
      <Filter>Header</Filter>
    </ClInclude>
    <ClInclude Include="Headers\GameData.h">
      <Filter>Header</Filter>
    </ClInclude>
    <ClInclude Include="Headers\GameObject.h">
      <Filter>Header</Filter>
    </ClInclude>
    <ClInclude Include="Headers\GameObjectBase.h">
      <Filter>Header</Filter>
    </ClInclude>
    <ClInclude Include="Headers\GameObjectFactory.h">
      <Filter>Header</Filter>
    </ClInclude>
    <ClInclude Include="Headers\GameObjectsCollection.h">
      <Filter>Header</Filter>
    </ClInclude>
    <ClInclude Include="Headers\GameState.h">
      <Filter>Header</Filter>
    </ClInclude>
    <ClInclude Include="Headers\GameStateMain.h">
      <Filter>Header</Filter>
    </ClInclude>
    <ClInclude Include="Headers\GraphicsComponent.h">
      <Filter>Header</Filter>
    </ClInclude>
    <ClInclude Include="Headers\GraphicsSystem.h">
      <Filter>Header</Filter>
    </ClInclude>
    <ClInclude Include="Headers\HangarState.h">
      <Filter>Header</Filter>
    </ClInclude>
    <ClInclude Include="Headers\InputManager.h">
      <Filter>Header</Filter>
    </ClInclude>
    <ClInclude Include="Headers\LevelBuilder.h">
      <Filter>Header</Filter>
    </ClInclude>
    <ClInclude Include="Headers\OgreManager.h">
      <Filter>Header</Filter>
    </ClInclude>
    <ClInclude Include="Headers\PauseState.h">
      <Filter>Header</Filter>
    </ClInclude>
    <ClInclude Include="Headers\PhysicsComponent.h">
      <Filter>Header</Filter>
    </ClInclude>
    <ClInclude Include="Headers\PhysicsSystem.h">
      <Filter>Header</Filter>
    </ClInclude>
    <ClInclude Include="Headers\PlayState.h">
      <Filter>Header</Filter>
    </ClInclude>
    <ClInclude Include="Headers\TransformComponent.h">
      <Filter>Header</Filter>
    </ClInclude>
    <ClInclude Include="Headers\stdafx.h">
      <Filter>Precompiled Header</Filter>
    </ClInclude>
  </ItemGroup>
  <ItemGroup>
    <Filter Include="Header">
      <UniqueIdentifier>{5a8a014a-f4ab-4370-9e29-a1b87fa63e29}</UniqueIdentifier>
    </Filter>
    <Filter Include="Source">
      <UniqueIdentifier>{ab25d64e-869e-46da-86dc-91ed24a56775}</UniqueIdentifier>
    </Filter>
    <Filter Include="Precompiled Header">
      <UniqueIdentifier>{ac63aaff-2ebe-4384-8075-54560efc291c}</UniqueIdentifier>
    </Filter>
  </ItemGroup>
  <ItemGroup>
    <ClCompile Include="Sources\Game.cpp">
      <Filter>Source</Filter>
    </ClCompile>
    <ClCompile Include="Sources\GameData.cpp">
      <Filter>Source</Filter>
    </ClCompile>
    <ClCompile Include="Sources\GameObject.cpp">
      <Filter>Source</Filter>
    </ClCompile>
    <ClCompile Include="Sources\GameObjectBase.cpp">
      <Filter>Source</Filter>
    </ClCompile>
    <ClCompile Include="Sources\GameObjectFactory.cpp">
      <Filter>Source</Filter>
    </ClCompile>
    <ClCompile Include="Sources\GameObjectsCollection.cpp">
      <Filter>Source</Filter>
    </ClCompile>
    <ClCompile Include="Sources\GameStateMain.cpp">
      <Filter>Source</Filter>
    </ClCompile>
    <ClCompile Include="Sources\HangarState.cpp">
      <Filter>Source</Filter>
    </ClCompile>
    <ClCompile Include="Sources\InputManager.cpp">
      <Filter>Source</Filter>
    </ClCompile>
    <ClCompile Include="Sources\LevelBuilder.cpp">
      <Filter>Source</Filter>
    </ClCompile>
    <ClCompile Include="Sources\main.cpp">
      <Filter>Source</Filter>
    </ClCompile>
    <ClCompile Include="Sources\PauseState.cpp">
      <Filter>Source</Filter>
    </ClCompile>
    <ClCompile Include="Sources\PlayState.cpp">
      <Filter>Source</Filter>
    </ClCompile>
    <ClCompile Include="Sources\stdafx.cpp">
      <Filter>Precompiled Header</Filter>
    </ClCompile>
  </ItemGroup>
</Project>